# REFERENCES.lock — provenance ledger (append-only; one [[ref]] per consulted source)
# Agents: append at mining time, not at PR time. Schema:
#
# [[ref]]
# id = "icon4py"                        # short handle used in code comments/tests
# url = "https://github.com/C2SM/icon4py"
# commit = "<full sha>"                  # or tag; never a branch name alone
# paths = ["model/atmosphere/..."]       # files/modules actually read or depended on
# taken = "graupel granule invocation pattern + test tolerances (rtol=..., atol=...)"
# step = "S08"
# date = "YYYY-MM-DD"
#
# Pinned-version decisions (gt4py/icon4py pair) additionally land in constraints/ (S01).

[[ref]]
id = "icon4py"
url = "https://github.com/C2SM/icon4py"
commit = "28d32c45afb4dbea1da6b6e5170202f08b4adb88"  # tag v0.2.0
paths = ["pyproject.toml", "uv.lock", "model/common/pyproject.toml", "model/common/src/icon4py/model/common/"]
taken = "Pin decision: icon4py 0.2.0 is the latest tagged release and every subpackage distribution (icon4py-common, icon4py-atmosphere-{advection,diffusion,dycore,microphysics,muphys}, icon4py-driver, icon4py-standalone-driver, icon4py-testing, icon4py-tools) is published on PyPI at 0.2.0. Its published metadata pins gt4py==1.1.10 exactly, so that is the tested pair. Import root verified as icon4py.model.common. GPU extra spelling: icon4py-common[cuda12] -> cupy-cuda12x>=13.0 + gt4py[cuda12]. Symbolic names used by later SPECs: icon4py.common -> icon4py-common, icon4py.dycore -> icon4py-atmosphere-dycore, etc. Repo HEAD at mining time (7341a32954d6db5d982fe3d69363f63198844cf2) pins gt4py==1.1.11; we pin the released pair, not HEAD."
step = "S01"
date = "2026-07-08"

[[ref]]
id = "gt4py"
url = "https://github.com/GridTools/gt4py"
commit = "v1.1.10"  # PyPI release consumed as sdist/wheel, not from git
paths = ["PyPI metadata gt4py==1.1.10"]
taken = "gt4py 1.1.10 chosen because icon4py-common 0.2.0 pins it exactly. requires-python: >=3.10,<3.15 (excl. 3.13.10, 3.14.1). cuda12 extra -> cupy-cuda12x>=12.0."
step = "S01"
date = "2026-07-08"

[[ref]]
id = "sympl"
url = "https://github.com/mcgibbon/sympl"
commit = "512809ef35d2daf898b8747a717271ed4d2b684d"
paths = ["sympl/_core/units.py", "sympl/_core/time.py", "sympl/_core/dataarray.py"]
taken = "Upstream property/units semantics: pint UnitRegistry with %/degree cleanup and degrees_north/degrees_east/percent definitions; units_are_same == identity via registry equality (1 K vs 2 K compare unequal quantities -> non-identity); cftime-aware datetime() factory keyed by calendar string ('proleptic_gregorian' -> stdlib datetime, else cftime.Datetime* classes). symcon drops the implicit any-unit conversion path (data_array_to_units) in favor of canonical units + strict mode."
step = "S02"
date = "2026-07-09"

[[ref]]
id = "sympl-oop"
url = "https://github.com/stubbiali/sympl"
commit = "5491978331ef7d6b7dc7995b9a5726713b5de7a7"  # branch oop
paths = ["sympl/_core/factory.py", "sympl/_core/static_checkers.py", "sympl/_core/dynamic_checkers.py", "sympl/_core/dynamic_operators.py", "sympl/_core/units.py"]
taken = "Checker/Operator/Factory mechanisms ported as semantics (thesis Fig. 3.5): MetaFactory registers subclasses on class creation keyed by class attr `name`, duplicate name -> error, Factory.factory(name) resolves through per-base subregistry with informative error on unknown name. Static checkers validate property dicts from definitions only (dict type, units present, dims present, alias bijectivity); dynamic checkers cross definitions with actual data (missing/extra fields, actual-vs-target dims, dim-length consistency) with errors naming field + component. Dynamic operators own target-dims resolution and raw-field extraction. lru_cache on the pint registry call = the cached identity check pattern."
step = "S02"
date = "2026-07-09"

[[ref]]
id = "tasmania"
url = "https://github.com/stubbiali/tasmania"
commit = "75b46ac0737c88ea201274692ab6883e803efb29"
paths = ["src/tasmania/utils/timex.py"]
taken = "Ubbiali Timer: class-level tree of labelled nested sections (Node with parent/children/level/total_calls/total_runtime), only-nested-stops asserted, cupy device synchronize before tic/toc. symcon ports the idea with an injectable sync callback instead of a hard cupy dependency, and instance-based (not class-global) state."
step = "S02"
date = "2026-07-09"

[[ref]]
id = "icon4py"
url = "https://github.com/C2SM/icon4py"
commit = "28d32c45afb4dbea1da6b6e5170202f08b4adb88"  # tag v0.2.0
paths = ["model/common/src/icon4py/model/common/states/data.py", "model/common/src/icon4py/model/common/states/model.py", "model/common/src/icon4py/model/common/states/metadata.py"]
taken = "Seed rows for the canonical names/units registry (S02 state/names.py): CF standard names, canonical unit strings and ICON Fortran short names for prognostics (air_density kg m-3/rho, virtual_potential_temperature K/theta_v, dimensionless exner 1/exner, upward_air_velocity m s-1/w, normal/tangential velocity m s-1/vn,vt), common tracers (specific_humidity 1/qv, specific_{cloud,ice,rain,snow,graupel}_content 1/qc..qg) and diagnostics (eastward_wind u, northward_wind v, air_temperature K/temp, air_virtual_temperature K/tempv, air_pressure Pa/pres, air_pressure_at_ground_level Pa/pres_sfc). FieldMetaData TypedDict (standard_name+units required; long_name/icon_var_name optional) confirms the registry columns. '_on_interface_levels' naming ('height_on_interface_levels') confirms the suffix convention. NOTE: icon4py files exner/theta_v/vn under CF-style standard names; symcon per architecture doc S2.5 namespaces solver-internal quantities as icon:exner_function, icon:normal_wind, icon:virtual_potential_temperature — units/short names taken from icon4py, namespacing from the architecture doc."
step = "S02"
date = "2026-07-09"

[[ref]]
id = "sympl-oop"
url = "https://github.com/stubbiali/sympl"
commit = "5491978331ef7d6b7dc7995b9a5726713b5de7a7"  # branch oop
paths = ["sympl/_core/core_components.py", "sympl/_core/steppers.py", "sympl/_core/wrappers.py", "sympl/_core/monitors.py", "sympl/_core/base_component.py"]
taken = "Ubbiali component ABI shapes (thesis SS4.1-4.2 via architecture doc): __call__ with caller-provided out DataArray dicts; array_call receiving BOTH input and output raw-buffer dicts and writing in place; allocate_diagnostic/allocate_tendency/allocate_output hooks invoked exactly for the output fields the caller did not provide; call sequence = inflow checks -> raw extract -> out checks -> allocate missing -> array_call -> outflow checks -> DataArray wrap (checks skippable via enable_checks; symcon routes them through S02 Static/DynamicChecker + Ingress/EgressPlan instead). UpdateFrequencyWrapper = CallingFrequency donor: fires when state['time'] >= last_update_time + update_timedelta, else returns cached output verbatim; last_update_time is the phase. ScalingWrapper: per-category scale-factor dicts validated against the wrapped component's property dicts at construction, inputs scaled into attr-preserving copies, outputs/tendencies/diagnostics scaled after the call, __getattr__ delegation. Monitor base = abstract store(state). symcon deviations: single flat out= mapping instead of out_tendencies/out_diagnostics/out_state (SPEC S03 frozen interface), timestep passed into array_call uniformly, tendencies_in_diagnostics/TracerPacker not ported (out of S03 scope)."
step = "S03"
date = "2026-07-09"

[[ref]]
id = "sympl"
url = "https://github.com/mcgibbon/sympl"
commit = "512809ef35d2daf898b8747a717271ed4d2b684d"
paths = ["sympl/_components/netcdf.py", "sympl/_core/wrappers.py", "docs/timestepping.rst", "docs/monitors.rst"]
taken = "NetCDFMonitor semantics donor: Monitor caching stored states keyed by time and writing one NetCDF file, store_names selection of a variable subset, write_on_store synchronous mode, aliases out of scope. symcon S03 keeps the store(state)->one-file contract but reimplements xarray-based (dependency: netcdf4 engine) with a full-file rewrite per store (T0-dumb) and provenance global attrs. Upstream UpdateFrequencyWrapper cross-checked against the oop fork (identical firing rule). Docs quickstart/timestepping give the paper Fig.1/Fig.2 usage pattern reproduced by the S03 acceptance test: standalone diagnostic call; loop of diagnostic update -> tendencies -> stepper -> monitor.store -> advance time."
step = "S03"
date = "2026-07-09"

[[ref]]
id = "tasmania"
url = "https://github.com/stubbiali/tasmania"
commit = "75b46ac0737c88ea201274692ab6883e803efb29"
paths = ["src/tasmania/framework/sequential_update_splitting.py", "src/tasmania/framework/options.py"]
taken = "Substepping semantics donor for symcon Subcycle: per-section integer substeps clamped to >=1 (max(substeps, 1)); a substepped section integrates with timestep/substeps applied substeps times, chaining each provisional state into the next call. symcon S03 lifts this into a standalone Subcycle(stepper, n=None, ratio_provider=None) wrapper (architecture SS4.2: the generic combinator survives outside DynamicalCore); ratio_provider (CFL-adaptive style) is symcon's addition per SPEC, called once per outer step with the current state."
step = "S03"
date = "2026-07-09"

[[ref]]
id = "tasmania"
url = "https://github.com/stubbiali/tasmania"
commit = "75b46ac0737c88ea201274692ab6883e803efb29"
paths = ["src/tasmania/framework/concurrent_coupling.py", "src/tasmania/framework/steppers.py", "src/tasmania/framework/parallel_splitting.py", "src/tasmania/framework/sequential_tendency_splitting.py", "src/tasmania/framework/sequential_update_splitting.py", "src/tasmania/framework/dycore.py", "src/tasmania/framework/subclasses/tendency_steppers/{forward_euler,rk2,rk3ws}.py", "src/tasmania/framework/subclasses/sequential_tendency_steppers/{forward_euler,rk2,rk3ws}.py", "src/tasmania/framework/subclasses/stencil_definitions/algorithms.py", "src/tasmania/utils/xarrayx.py"]
taken = "Coupling-algebra reference implementations (architecture S4.2): ConcurrentCoupling serial policy (diagnostics of earlier members visible to later members via aux state; tendencies accumulated into shared out_tendencies); TendencyStepper/SequentialTendencyStepper as name-keyed factories wrapping one ConcurrentCoupling (multi-arg constructor collapses args into a CC); scheme coefficients: forward_euler psi+dt*k; rk2 = midpoint (0.5*dt provisional then full-dt update; symcon deviates -> Heun per SPEC S04, cross-checked against sympl SSPRungeKutta 2-stage); rk3ws provisional fractions 1/3 then 1/2 then full dt (Wicker-Skamarock per Doms/Baldauf COSMO doc); STS stepper first-stage recombinations sts_rk2_0 out=0.5*(psi_n+psi_prv+dt*tnd) and sts_rk3ws_0 out=(2*psi_n+psi_prv+dt*tnd)/3 == E(psi_n,dt;P+(psi_prv-psi_n)/dt) stage forms (symcon implements the equivalent generic forcing G=(psi_prv-psi_n)/dt added to every tendency evaluation); ParallelSplitting recombination via iaddsub state_prv+=(psi_l-psi_n) per shared field (eq 2.10d thesis); STS federation: every section integrates from the step-initial state with the previous section's provisional output as forcing, diagnostics written onto the provisional state, state['time'] pinned back to the current level between sections; SUS federation: sections chained in place, each stepping the state left by its predecessor, time re-pinned per section; per-section TimeIntegrationOptions(component, scheme) -> symcon's (component, stepper_name) pairs; DynamicalCore: fast_tendency_component called once per stage on the latest provisional state before stage_array_call, substep tier with per-stage substep_fractions (fraction of the total substep count; substep dt = dt/N), stages/substep_fractions abstract properties, allocate_stage_output hooks. Not ported: execution policies ('as_parallel'), enforce_horizontal_boundary, promoter components, substepped PS/STS/SUS sections (tasmania raises NotImplementedError there too), DataArrayDictOperator gt4py stencil dispatch (symcon: numpy-level dict_axpy at T0)."
step = "S04"
date = "2026-07-09"

[[ref]]
id = "sympl"
url = "https://github.com/mcgibbon/sympl"
commit = "512809ef35d2daf898b8747a717271ed4d2b684d"
paths = ["sympl/_components/timesteppers.py"]
taken = "SSP Runge-Kutta coefficients (Shu & Osher 1988, via Durran 2nd ed as cited in the sympl docstring): 3-stage ssprk3 psi1=psi+dt*f(psi); psi2=3/4*psi+1/4*(psi1+dt*f(psi1)); psi_np1=1/3*psi+2/3*(psi2+dt*f(psi2)). 2-stage variant psi_np1=1/2*(psi+psi1+dt*f(psi1)) == Heun == SPEC S04's 'rk2 (Heun)' (cross-check that Heun is SSPRK2; tasmania's rk2 is the midpoint scheme instead — deviation recorded in STATUS)."
step = "S04"
date = "2026-07-09"

[[ref]]
id = "ubbiali-thesis"
url = "https://doi.org/10.3929/ethz-b-000546695"
commit = "ETH diss. no. 28022 (local references/phd_thesis_ubbiali.pdf)"
paths = ["SS2.3 (eqs 2.8-2.13)", "SS2.4.1 (Table 2.1 second-order clauses)", "SS2.5.2 (Burgers experiment design)", "SS3.5 + Fig. 3.8-3.10 (DynamicalCore tiers and call pipeline)"]
taken = "Coupling definitions implemented verbatim: FC (2.8) E0(psi,dt;D+P); LFC (2.9) E0(psi,dt;D+P^n) with P^n frozen at the step-initial state; PS (2.10) each process integrated independently from psi^n, recombination psi^{n+1}=sum_l psi_l^{n+1}-L*psi^n (2.10d); STS (2.11) psi_0=E0(psi^n,dt;D), psi_l=E_l(psi^n,dt;P_l+(psi_{l-1}^{n+1}-psi^n)/dt) — the forcing always uses the step-initial psi^n; SUS (2.12) chained correctors; SSUS (2.13a-e) reverse pass over lam*dt with E_l^*, core over dt, forward pass over (1-lam)*dt, E_l^* != E_l explicitly legal (SS2.3.5). Expected measured orders (Table 2.1 + SS2.4.1 discussion): FC unconditionally 2; LFC/PS/STS/SUS effectively 1 (their second-order clauses rarely hold); SSUS second-order iff lam=1/2. DynamicalCore (SS3.5, Fig 3.9/3.10): slow tendencies enter as an input port held constant across the step; fast_tendency_component (ConcurrentCoupling) evaluated once per stage on the latest provisional state; super-fast tier substeps each stage with substep dt = dt/N and per-stage substep counts proportional to the stage fractions (Fig 3.10: N=6, 3-stage WS-RK fractions 1/3,1/2,1 -> 2,3,6 substeps). Burgers experiment (SS2.5.2): diffusion treated as the parameterization, advection as dynamics, EOC measured over a dt ladder — symcon's acceptance 2 transposes this to 1-D with a relaxation physics term and self-convergence pairs."
step = "S04"
date = "2026-07-09"

[[ref]]
id = "tasmania"
url = "https://github.com/stubbiali/tasmania"
commit = "75b46ac0737c88ea201274692ab6883e803efb29"
paths = ["src/tasmania/utils/xarrayx.py", "src/tasmania/framework/subclasses/stencil_definitions/algorithms.py", "src/tasmania/framework/steppers.py", "src/tasmania/framework/parallel_splitting.py", "src/tasmania/framework/sequential_tendency_splitting.py"]
taken = "Op-algebra donor for the S05 plan ops: DataArrayDictOperator's kernel set (iadd/iaddsub 'inout_a += in_b - in_c'/fma 'out = in_a + f*in_b'/sts_rk2_0 'out = 0.5*(in_field + in_field_prv + dt*in_tnd)') is the closed set of dict-arithmetic shapes the T0 coupling algebra needs; symcon's Axpy op generalizes fma/iadd/iaddsub to one k-ary assign-or-accumulate multi-axpy with an optional trailing divisor (covers ssprk3's '(psi + 2*(psi_2 + dt*k3))/3' without a new op) and DiffScale realizes the STS forcing '(psi_prv - psi_n)/dt' that tasmania fuses into sts_*_0 stage kernels. PS recombination op order re-derived from parallel_splitting.py: accumulator seeded by the first section's provisional state, then per further section (+psi_l, -psi_n) — the k-ary Axpy term order T1 must replay for bitwise T0 equivalence."
step = "S05"
date = "2026-07-09"

[[ref]]
id = "sympl"
url = "https://github.com/mcgibbon/sympl"
commit = "512809ef35d2daf898b8747a717271ed4d2b684d"
paths = ["sympl/_core/wrappers.py"]
taken = "UpdateFrequencyWrapper firing rule re-consulted for the cadence-mask compilation: fires when state['time'] >= last_update_time + update_timedelta, first call always fires (last_update_time None). With the S03 rounding-to-multiple rule (period = nearest positive integer multiple m of the loop dt) a fresh wrapper therefore fires exactly at step indices == 0 (mod m), which is the per-signature mask the S05 compiler precomputes; the cached output becomes persistent vault/tendency slots that replay by simply not being rewritten on non-fire steps."
step = "S05"
date = "2026-07-09"

[[ref]]
id = "icon4py"
url = "https://github.com/C2SM/icon4py"
commit = "28d32c45afb4dbea1da6b6e5170202f08b4adb88"  # tag v0.2.0 (pinned pair)
paths = ["model/common/src/icon4py/model/common/constants.py", "model/common/src/icon4py/model/common/grid/vertical.py", "model/common/src/icon4py/model/common/metrics/reference_atmosphere.py", "model/common/src/icon4py/model/common/diagnostic_calculations/stencils/diagnose_temperature.py", "model/common/src/icon4py/model/common/diagnostic_calculations/stencils/diagnose_surface_pressure.py", "model/common/tests/common/grid/unit_tests/test_vertical.py", "model/testing/src/icon4py/model/testing/{fixtures/datatest.py,datatest_utils.py,definitions.py,serialbox.py,config.py,data_handling.py}", "model/testing/pyproject.toml"]
taken = "S06 mining: (a) constants.py values + Fortran symbol mapping (rd=287.04, cpd=1004.64, cvd=cpd-rd, rv=461.51, cpv=1869.46, rcpl=3.1733, clw=(rcpl+1)*cpd, alv=2.5008e6, als=2.8345e6, alf=als-alv, tmelt=273.15, t3=273.16, vtmpc1=rv/rd-1, grav=9.80665, p0ref=1e5, p0sl_bg=101325, t0sl_bg=288.15, del_t_bg=75, h_scal_bg=1e4, earth radius/omega, dbl_eps) — cross-checked against ICON Fortran (see icon-fortran ref below); (b) VerticalGridConfig namelist defaults (mo_sleve_nml/nonhydrostatic_nml: min_lay_thckn=50, max_lay_thckn=25000, htop_thcknlimit=15000, top_height=23500, flat_height=16000, stretch_fac=1, damp_height=45000, htop_moist_proc=22500, SLEVE decay params) and VerticalGrid semantics: vct_a index starts at model top, nrdmax/_determine_damping_height_index = argmax(where(vct_a>=damp_height)), kstart_moist via interface midpoints < htop_moist_proc, nflatlev = max(where(vct_a>=flat_height)); get_vct_a_and_vct_b analytic formula vct_a[k]=H*(2/pi*arccos((k/N)^s))^d with d=ln(min_dz/H)/ln(2/pi*arccos(((N-1)/N)^s)), uniform fallback when min_dz<=0.01, vct_b=exp(-vct_a/5000) — symcon delegates to icon4py get_vct_a_and_vct_b/VerticalGrid behind symcon.icon.grid.vertical.VerticalGrid (PLAN 'reuse, don't rewrite'); (c) reference_atmosphere.py decaying-isothermal reference: denom=t0sl_bg-del_t_bg, z_aux1=p0sl_bg*exp(-grav/rd*h_scal_bg/denom*log((exp(z/h_scal_bg)*denom+del_t_bg)/t0sl_bg)), z_temp=denom+del_t_bg*exp(-z/h_scal_bg), exner_ref=(z_aux1/p0ref)^(rd/cpd), rho_ref=z_aux1/(rd*z_temp), theta_ref=z_temp/exner_ref; (d) diagnose_temperature.py: tempv=theta_v*exner, temp=tempv/(1+vtmpc1*qv-(qc+qi+qr+qs+qg)) — the thermo relations symcon.icon.thermo implements; (e) datatest machinery: fixtures backend/process_props/download_ser_data/experiment/data_provider/grid_savepoint, IconGridSavepoint.vct_a()/vct_b(), TESTDATA_ROOT_URL=https://rgw.cscs.ch/c2sm:testdata, ICON4PY_TEST_DATA_PATH env var, GAUSS3D (exclaim_gauss3d, mpitask1_..._v04.tar.gz, 57 MB — smallest archive; APE/R04B09/JW are 4.2/6.3/7.1 GB) chosen for the S06 data-marked test; icon4py-testing 0.2.0 requires serialbox4py>=2.6.2 and imports icon4py diffusion/dycore/microphysics/standalone-driver at import time (hence the dev-group additions, all pinned 0.2.0 per constraints/cpu-ci.txt)."
step = "S06"
date = "2026-07-09"

[[ref]]
id = "icon-fortran"
url = "https://gitlab.dkrz.de/icon/icon-model"
commit = "8597da45ef4b86323f3fb844caedc4ae5e1ffc01"  # tag icon-2026.04-public (gitlab.dwd.de unreachable from this host; DKRZ is the canonical public mirror per icon-model.org)
paths = ["src/shared/mo_physical_constants.f90", "src/atm_dyn_iconam/mo_vertical_grid.f90", "src/atm_dyn_iconam/mo_nh_diagnose_pres_temp.f90", "src/atm_dyn_iconam/mo_nonhydro_types.f90", "src/atm_dyn_iconam/mo_nh_nest_utilities.f90", "src/atm_dyn_iconam/mo_nh_vert_extrap_utils.f90", "src/atm_phy_nwp/mo_nwp_phy_types.f90"]
taken = "Scientific ground truth for S06. mo_physical_constants.f90: rd=287.04_wp, cpd=1004.64_wp, cvd=cpd-rd, rv=461.51_wp, cpv=1869.46_wp, cvv=cpv-rv, rhoh2o=1000._wp, alv=2.5008e6_wp, als=2.8345e6_wp, alf=als-alv, tmelt=273.15_wp, t3=273.16_wp, rdv=rd/rv, o_m_rdv=1-rd/rv, vtmpc1=rv/rd-1, vtmpc2=cpv/cpd-1, rcpl=3.1733_wp, clw=(rcpl+1)*cpd, rd_o_cpd=rd/cpd, cvd_o_rd=cvd/rd, grav=9.80665_wp, p0ref=100000._wp, p0sl_bg=101325._wp, dtdz_standardatm=-6.5e-3_wp, earth_radius=6.371229e6_wp, earth_angular_velocity=7.29212e-5_wp (byte-compare table committed in packages/symcon-icon/tests/test_constants_fortran.py). mo_vertical_grid.f90 (module-level PARAMETERs): h_scal_bg=10000._wp, t0sl_bg=288.15_wp, del_t_bg=75._wp; reference-state loops at lines ~1043-1059 match icon4py reference_atmosphere.py formulas. mo_nh_diagnose_pres_temp.f90 diag_temp: tempv=theta_v*exner, temp=tempv/(1+vtmpc1*qv-qsum); diag_pres: pres_sfc=p0ref*exp(cpd_o_rd*log(exner(nlev-2))+grav_o_rd*(...)), downward hydrostatic integration. Exner relations: exner=(p/p0ref)**rd_o_cpd (mo_nh_vert_extrap_utils.f90:731, cpd path) and exner=exp(rd_o_cvd*log(rd_o_p0ref*rho*theta_v)) (mo_nh_nest_utilities.f90:1657, cvd path) — both exposed and named unambiguously in symcon.icon.thermo per PLAN pitfall. Tendency-slot naming: t_nh_diag%ddt_exner_phy/ddt_vn_phy (mo_nonhydro_types.f90:156-158), prm_nwp_tend%ddt_temp_*/ddt_tracer_* (mo_nwp_phy_types.f90) -> registry rows icon:ddt_temp, icon:ddt_q[vcirsg], icon:ddt_exner_phy; pres_ifc/temp_ifc field names (mo_nonhydro_types.f90:67-69)."
step = "S06"
date = "2026-07-09"

[[ref]]
id = "icon4py-satad"
url = "https://github.com/C2SM/icon4py"
commit = "28d32c45afb4dbea1da6b6e5170202f08b4adb88"  # tag v0.2.0 (pinned pair, S01)
paths = ["model/atmosphere/subgrid_scale_physics/microphysics/src/icon4py/model/atmosphere/subgrid_scale_physics/microphysics/saturation_adjustment.py", "model/atmosphere/subgrid_scale_physics/microphysics/src/icon4py/model/atmosphere/subgrid_scale_physics/microphysics/stencils/saturation_adjustment_stencils.py", "model/atmosphere/subgrid_scale_physics/microphysics/src/icon4py/model/atmosphere/subgrid_scale_physics/microphysics/stencils/microphysical_processes.py", "model/atmosphere/subgrid_scale_physics/microphysics/src/icon4py/model/atmosphere/subgrid_scale_physics/microphysics/microphysics_constants.py", "model/common/src/icon4py/model/common/constants.py", "model/common/src/icon4py/model/common/model_options.py", "model/common/src/icon4py/model/common/utils/data_allocation.py", "model/common/src/icon4py/model/common/grid/base.py", "model/common/src/icon4py/model/common/grid/simple.py", "model/common/src/icon4py/model/common/grid/vertical.py"]
taken = "The satad granule S07 wraps: SaturationAdjustment(config, grid, vertical_params, metric_state, backend) with SaturationAdjustmentConfig(max_iter=10, tolerance=1e-3 — 'in ICON, 10/1.e-3 are always used when satad_v_3D is called'). run(dtime, rho, temperature, qv, qc, temperature_tendency, qv_tendency, qc_tendency) mutates the three *_tendency fields in place on the domain [start_index(Cell NUDGING):end_index(Cell LOCAL)] x [vertical_params.kstart_moist:grid.num_levels]; outside that domain the tendency fields are NOT written (granule allocates them zeroed in its own test). Host-side while-loop over 3 pointwise gt4py programs + TimeStepPair swap; ConvergenceError raised past max_iter. Formulation is T-based (temperature/qv/qc/rho), NOT theta_v/exner — the granule is 'originally inspired from satad_v_3D of ICON' and uses cvd bookkeeping: lwdocvd = latent_heat_vaporization(T)/cvd (PLAN pitfall confirmed: no cpd conversion anywhere). Newton: f(T)=T-T0+lwdocvd*(qsat_rho(T,rho)-qv), f'(T)=1+lwdocvd*dqsatdT_rho; subsaturated shortcut T_test=T-lwdocvd*qc when qv+qc<=qsat_rho(T_test,rho); tendency egress ((T_new-T)/dt, (qsat-qv)/dt, (max(qv+qc-qsat, zqwmin=1e-20)-qc)/dt). Thermo closures (microphysical_processes.py): Tetens psat=610.78*exp(17.269*(T-273.15)/(T-35.86)); qsat_rho=psat/(rho*rv*T); dqsatdT_rho=qsat*((tmelt-bw)*aw/(T-bw)^2-1/T); latent_heat_vaporization L(T)=2.5008e6+(1850.0-cpl)*(T-tmelt)-rv*T (Kirchhoff; 1850.0 is a local cpv-like literal distinct from cpv=1869.46). PhysicsConstants.cvd=cpd-rd with cpd=1004.64, rd=287.04 == symcon.icon._constants.CVD bitwise; SPECIFIC_HEAT_CAPACITY_ICE=2108.0 (S06 flag) is NOT used by satad — no ice/cpi term anywhere in the granule, so the S06 ci disagreement does not touch S07. metric_state.ddqz_z_full is stored but never used by run() at v0.2.0 -> not a property-contract input of the symcon component (dummy zeros suffice). model_options.setup_program(backend=None) = embedded path (skips compile); grid contract consumed: num_levels, size dict, start_index/end_index callables (simple.py precedent: start=0/end=size zone-independent factory for non-halo zones, connectivities may be {} for these pointwise stencils). data_allocation.zero_field/import_array_ns for device-generic allocation."
step = "S07"
date = "2026-07-10"

[[ref]]
id = "icon4py-satad-test"
url = "https://github.com/C2SM/icon4py"
commit = "28d32c45afb4dbea1da6b6e5170202f08b4adb88"  # tag v0.2.0
paths = ["model/atmosphere/subgrid_scale_physics/microphysics/tests/microphysics/integration_tests/test_saturation_adjustment.py", "model/testing/src/icon4py/model/testing/serialbox.py", "model/testing/src/icon4py/model/testing/definitions.py", "model/testing/src/icon4py/model/testing/datatest_utils.py"]
taken = "L2 verification target + tolerances for SPEC S07 acceptance 1. icon4py's own satad integration test: experiment WEISMAN_KLEMP_TORUS (exclaim_nh_weisman_klemp, torus 50000x5000, archive mpitask1_exclaim_nh_weisman_klemp_v04.tar.gz ~1.6 GB at https://rgw.cscs.ch/c2sm:testdata/experiments/), savepoints satad-init/satad-exit via from_savepoint_satad_init/exit(location, date) at locations ['nwp-gscp-interface', 'interface-nwp'] and dates ['2008-09-01T01:59:48.000', '2008-09-01T01:59:52.000', '2008-09-01T01:59:56.000']; dtime from from_savepoint_weisman_klemp_graupel_entry(date).dtime(); vertical_params = v_grid.VerticalGrid(experiment.config.vertical_grid, grid_savepoint.vct_a(), vct_b()); ddqz_z_full from metrics_savepoint. Assert pattern: updated_x = x_init + x_tendency*dtime compared against satad-exit fields with test_utils.dallclose atol=1.0e-13 (rtol left at dallclose default 1e-12) for qv, qc, temperature — these are the tolerance contracts ported into symcon's test constants. GAUSS3D carries no satad savepoints, hence the S06 default experiment is overridden for this one test."
step = "S07"
date = "2026-07-10"

[[ref]]
id = "icon4py-muphys-satad"
url = "https://github.com/C2SM/icon4py"
commit = "28d32c45afb4dbea1da6b6e5170202f08b4adb88"  # tag v0.2.0
paths = ["model/atmosphere/subgrid_scale_physics/muphys/src/icon4py/model/atmosphere/subgrid_scale_physics/muphys/core/saturation_adjustment.py", "model/atmosphere/subgrid_scale_physics/muphys/tests/muphys/stencil_tests/test_saturation_adjustment.py"]
taken = "The variant NOT chosen (PLAN pitfall: formulation mismatch between granule variants). muphys satad is the ICON-C++ 'muphys' port: single fused field_operator, fixed 6 unrolled Newton-Raphson steps (no convergence mask/tolerance), full moist heat-capacity bookkeeping (cvc with clw/ci terms, internal-energy closure), validated against muphys netCDF sequences, not against ICON serialbox savepoints. The microphysics-package granule (see icon4py-satad) is the satad_v_3D-equivalent with serialized ICON reference data and is what S07 wraps; recorded here so the choice is auditable."
step = "S07"
date = "2026-07-10"

[[ref]]
id = "icon-fortran-satad"
url = "https://gitlab.dkrz.de/icon/icon-model"
commit = "8597da45ef4b86323f3fb844caedc4ae5e1ffc01"  # tag icon-2026.04-public
paths = ["src/atm_phy_schemes/mo_satad.f90"]
taken = "Algorithm ground truth for the wrapped granule: satad_v_3D/satad_v_3D_gpu — Newton on T at constant total density with latent-heat closure lwdocvd=latent_heat_vaporization(te)/cvd (cvd, NOT cpd — PLAN pitfall check passes), zqwmin=1e-20, subsaturated shortcut Ttest=te-lwdocvd*qce with qw=qve+qce<=qsat_rho(Ttest,rhotot), Newton fT=twork-te+lwdocvd*(qwd-qve), dfT=1+lwdocvd*dqwd, egress qce=MAX(qw-qwa,zqwmin), qve=qw-qce; iteration triggered by tworkold=twork+10. Matches the icon4py granule structure 1:1 EXCEPT: (a) this ICON tag adds a supersaturation factor supsatfac driven by tune_supsat_limfac (namelist, default path supsatfac=1 when tune_supsat_limfac<=0) and takes w as input — absent from icon4py v0.2.0; with the default namelist both reduce to the same algorithm; icon4py's serialized data is the verification target per AGENTS.md, disagreement recorded in S07 STATUS.md; (b) ICON iterates while count<maxiter and raises nothing, icon4py raises ConvergenceError past max_iter. mo_satad at this tag also no longer exposes satad-internal thermo functions (moved to mo_thdyn_functions); Tetens/latent-heat closures cross-checked against icon4py microphysical_processes.py instead."
step = "S07"
date = "2026-07-10"

[[ref]]
id = "gt4py-field-ctor"
url = "https://github.com/GridTools/gt4py"
commit = "v1.1.10"  # PyPI release consumed as installed package (site-packages inspection)
paths = ["src/gt4py/next/constructors.py", "src/gt4py/next/common.py", "src/gt4py/next/embedded/nd_array_field.py"]
taken = "Zero-copy ingress decision for symcon.core.ingress.gt4py: public gtx.as_field ALWAYS allocates ('Note: we do not support a copy argument as we want to avoid creating fields aliasing other data/fields' — constructors.py docstring), verified empirically (field.ndarray is buf == False). The zero-copy wrap the architecture's §2.3 ingress contract requires is the singledispatch common._field(ndarray, domain=domain) -> NumPyArrayField/CuPyArrayField, which aliases the buffer (verified: field.ndarray is buf == True, writes through). Private-API risk recorded in S07 STATUS.md follow-ups. Backend objects: gtx.gtfn_cpu/gtx.gtfn_gpu are gt4py.next.backend.Backend instances; embedded execution = backend None (icon4py convention throughout)."
step = "S07"
date = "2026-07-10"

[[ref]]
id = "icon-tutorial-2025"
url = "https://www.dwd.de/EN/ourservices/nwv_icon_tutorial/nwv_icon_tutorial.html"
commit = "2025 edition (local PDF references/icon-model-tutorial-2025.pdf; see references/README.md)"
paths = ["§3.7.2 Fast and Slow Processes (pp. 92-93)"]
taken = "Coupling-position ground truth for SaturationAdjustment.coupling_constraints (SPEC S07): fast processes are treated with time splitting ('also known as sequential-update split'), each sequentially updating the state — hence admissible_operators={'sequential_update_splitting'}. Calling sequence: surface transfer -> saturation adjustment -> land-surface -> turbulent diffusion -> microphysics -> saturation adjustment again, 'in order to ensure that vapor and liquid phase are in equilibrium before entering the slow physics parameterizations'; satad thus appears twice per step (architecture §4.3 NWP_FAST_ORDER). Exceptions (surface transfer + land at old time level) do not involve satad."
step = "S07"
date = "2026-07-10"
